
Microsoft Visual Studio Solution File, Format Version 11.00
# Visual Studio 2010
# SharpDevelop 4.2.0.8811-chenxu/REVIT-198440
Project("{FAE04EC0-301F-11D3-BF4B-00C04F79EFBC}") = "wallCreate", "wallCreate\wallCreate.csproj", "{B991CAC5-17DB-42B6-A2D4-2B33F769F245}"
EndProject
Global
	GlobalSection(SolutionConfigurationPlatforms) = preSolution
		Debug|Any CPU = Debug|Any CPU
		Release|Any CPU = Release|Any CPU
	EndGlobalSection
	GlobalSection(ProjectConfigurationPlatforms) = postSolution
		{B991CAC5-17DB-42B6-A2D4-2B33F769F245}.Debug|Any CPU.Build.0 = Debug|Any CPU
		{B991CAC5-17DB-42B6-A2D4-2B33F769F245}.Debug|Any CPU.ActiveCfg = Debug|Any CPU
		{B991CAC5-17DB-42B6-A2D4-2B33F769F245}.Release|Any CPU.Build.0 = Release|Any CPU
		{B991CAC5-17DB-42B6-A2D4-2B33F769F245}.Release|Any CPU.ActiveCfg = Release|Any CPU
	EndGlobalSection
EndGlobal
