
Microsoft Visual Studio Solution File, Format Version 11.00
# Visual Studio 2010
# SharpDevelop 4.2.0.8811-chenxu/REVIT-198440
Project("{FAE04EC0-301F-11D3-BF4B-00C04F79EFBC}") = "SystemAnalysis", "SystemAnalysis\SystemAnalysis.csproj", "{9978BED7-F619-4E3E-92C7-53B2826B20A6}"
EndProject
Global
	GlobalSection(SolutionConfigurationPlatforms) = preSolution
		Debug|Any CPU = Debug|Any CPU
		Release|Any CPU = Release|Any CPU
	EndGlobalSection
	GlobalSection(ProjectConfigurationPlatforms) = postSolution
		{9978BED7-F619-4E3E-92C7-53B2826B20A6}.Debug|Any CPU.Build.0 = Debug|Any CPU
		{9978BED7-F619-4E3E-92C7-53B2826B20A6}.Debug|Any CPU.ActiveCfg = Debug|Any CPU
		{9978BED7-F619-4E3E-92C7-53B2826B20A6}.Release|Any CPU.Build.0 = Release|Any CPU
		{9978BED7-F619-4E3E-92C7-53B2826B20A6}.Release|Any CPU.ActiveCfg = Release|Any CPU
	EndGlobalSection
EndGlobal
