
Microsoft Visual Studio Solution File, Format Version 11.00
# Visual Studio 2010
# SharpDevelop 4.2.0.8811-chenxu/REVIT-198440
Project("{FAE04EC0-301F-11D3-BF4B-00C04F79EFBC}") = "Kunal2", "Kunal2\Kunal2.csproj", "{EEF6EF8C-5801-40C5-9CDD-70B7B75AE501}"
EndProject
Global
	GlobalSection(SolutionConfigurationPlatforms) = preSolution
		Debug|Any CPU = Debug|Any CPU
		Release|Any CPU = Release|Any CPU
	EndGlobalSection
	GlobalSection(ProjectConfigurationPlatforms) = postSolution
		{EEF6EF8C-5801-40C5-9CDD-70B7B75AE501}.Debug|Any CPU.Build.0 = Debug|Any CPU
		{EEF6EF8C-5801-40C5-9CDD-70B7B75AE501}.Debug|Any CPU.ActiveCfg = Debug|Any CPU
		{EEF6EF8C-5801-40C5-9CDD-70B7B75AE501}.Release|Any CPU.Build.0 = Release|Any CPU
		{EEF6EF8C-5801-40C5-9CDD-70B7B75AE501}.Release|Any CPU.ActiveCfg = Release|Any CPU
	EndGlobalSection
EndGlobal
